
Microsoft Visual Studio Solution File, Format Version 11.00
# Visual Studio 2010
Project("{FAE04EC0-301F-11D3-BF4B-00C04F79EFBC}") = "Patentquery", "Patentquery\Patentquery.csproj", "{0495E6C4-74BA-4A28-85B1-F60C79F3154E}"
EndProject
Project("{FAE04EC0-301F-11D3-BF4B-00C04F79EFBC}") = "ISearch", "Cpic.Search\Search\ISearch\ISearch.csproj", "{C5EB21DD-D0B3-42DF-8891-A51CAFD16042}"
EndProject
Project("{FAE04EC0-301F-11D3-BF4B-00C04F79EFBC}") = "SearchManager", "Cpic.Search\Search\SearchManager\SearchManager.csproj", "{7683BD32-C58A-4748-9081-42827755FA09}"
EndProject
Project("{FAE04EC0-301F-11D3-BF4B-00C04F79EFBC}") = "FileMeerySearch", "Cpic.Search\Search\FileMeerySearch\FileMeerySearch.csproj", "{82BF3309-DF15-4421-99EB-D27EDAEB7464}"
EndProject
Project("{FAE04EC0-301F-11D3-BF4B-00C04F79EFBC}") = "SocketSearch", "Cpic.Search\Search\SocketSearch\SocketSearch.csproj", "{25AE45B2-802B-415A-8A5C-04557FA69CAC}"
EndProject
Project("{FAE04EC0-301F-11D3-BF4B-00C04F79EFBC}") = "FileSearchPool", "Cpic.Search\SearchPool\FileSearchPool\FileSearchPool.csproj", "{804DE9E4-C203-4C75-A599-84F3C5CA60A6}"
EndProject
Project("{FAE04EC0-301F-11D3-BF4B-00C04F79EFBC}") = "ISearchPool", "Cpic.Search\SearchPool\ISearchPool\ISearchPool.csproj", "{A9A04BF2-BCE8-40F7-9595-72CF2CE9E512}"
EndProject
Project("{FAE04EC0-301F-11D3-BF4B-00C04F79EFBC}") = "SocketSearchPool", "Cpic.Search\SearchPool\SocketSearchPool\SocketSearchPool.csproj", "{52C4B2A4-51A8-44A6-B1ED-0AFFF77DF645}"
EndProject
Project("{FAE04EC0-301F-11D3-BF4B-00C04F79EFBC}") = "Log", "Cpic.Search\Log\Log.csproj", "{878049E4-B095-41AC-869F-0C8A97B41D0F}"
EndProject
Project("{FAE04EC0-301F-11D3-BF4B-00C04F79EFBC}") = "Engine", "Cpic.Search\File_Engine\Engine\Engine.csproj", "{BA8BCD1E-2E63-4A6D-B7B9-A590219A2723}"
EndProject
Project("{FAE04EC0-301F-11D3-BF4B-00C04F79EFBC}") = "Index", "Cpic.Search\File_Engine\Index\Index.csproj", "{1F292FF3-9D62-40CD-A69B-A4F024D45F72}"
EndProject
Project("{2150E333-8FDC-42A3-9474-1A3956D46DE8}") = "SearchLib", "SearchLib", "{D0492A6A-2B0F-4484-AB12-DDB912DEC5DD}"
EndProject
Project("{FAE04EC0-301F-11D3-BF4B-00C04F79EFBC}") = "SearchInterface", "接口程序及测试代码\SearchInterface\SearchInterface.csproj", "{FD3CA31F-EBDE-4493-A472-637C6963E7D0}"
EndProject
Project("{FAE04EC0-301F-11D3-BF4B-00C04F79EFBC}") = "TLC", "Patentquery_TLC\TLC.csproj", "{D7800E50-E0A2-4FD3-8EA1-D3618F886E07}"
EndProject
Project("{2150E333-8FDC-42A3-9474-1A3956D46DE8}") = "XmPatentLib", "XmPatentLib", "{1C588977-D7CD-4C5D-87A8-0042945E63C0}"
EndProject
Project("{FAE04EC0-301F-11D3-BF4B-00C04F79EFBC}") = "ProXZQDLL", "ProXZQDLL\ProXZQDLL.csproj", "{410C51CD-FACE-4342-B14E-FE96BD75D5A6}"
EndProject
Project("{FAE04EC0-301F-11D3-BF4B-00C04F79EFBC}") = "ProYJDLL", "ProYJDLL\ProYJDLL.csproj", "{6C9F7B2E-2AE2-4610-A950-B008DA0477C7}"
EndProject
Project("{FAE04EC0-301F-11D3-BF4B-00C04F79EFBC}") = "ResultData", "Cpic.Demo\ResultData\ResultData.csproj", "{9ECEAF25-A205-4F45-A996-A7F9774681A7}"
EndProject
Project("{FAE04EC0-301F-11D3-BF4B-00C04F79EFBC}") = "ParseXml", "Cpic.Demo\ParseXml\ParseXml.csproj", "{A01254A3-7C33-449C-8344-4694BF211CD7}"
EndProject
Project("{FAE04EC0-301F-11D3-BF4B-00C04F79EFBC}") = "Cfg", "Cpic.Search\cfg\Cfg\Cfg.csproj", "{81DDB72A-7CAA-4A45-B6C1-6794CA005FB3}"
EndProject
Project("{F184B08F-C81C-45F6-A57F-5ABD9991F28F}") = "DBA", "Cpic.Demo\DBA\DBA.vbproj", "{95E4DC4D-C9FD-4E6D-AE33-2E28E13641D5}"
EndProject
Project("{2150E333-8FDC-42A3-9474-1A3956D46DE8}") = "CprsLib", "CprsLib", "{5F28B9D4-DF3C-4147-8ADD-3E319BBAD930}"
EndProject
Project("{FAE04EC0-301F-11D3-BF4B-00C04F79EFBC}") = "PatentWarnning", "PatentWarnning\PatentWarnning.csproj", "{7AE83690-1D12-468E-9C45-3C265A130FAB}"
EndProject
Project("{FAE04EC0-301F-11D3-BF4B-00C04F79EFBC}") = "User", "Cpic.Demo\User\User.csproj", "{1F320E9F-3D08-4CB6-B804-4A7F5CA30E16}"
EndProject
Project("{FAE04EC0-301F-11D3-BF4B-00C04F79EFBC}") = "WordLib", "WordLib\WordLib.csproj", "{9E4788A8-6193-4E8E-B60F-6A468F3491E4}"
EndProject
Project("{FAE04EC0-301F-11D3-BF4B-00C04F79EFBC}") = "ExcelLib", "ExcelLib\ExcelLib.csproj", "{3806D6D2-0446-4A8A-B3FC-AA246E67EDED}"
EndProject
Project("{FAE04EC0-301F-11D3-BF4B-00C04F79EFBC}") = "CSIndex", "CSIndex\CSIndex.csproj", "{DEE6C611-00A9-450A-994A-BFBEBF596070}"
EndProject
Project("{FAE04EC0-301F-11D3-BF4B-00C04F79EFBC}") = "ProNewsDll", "ProNewsDll\ProNewsDll.csproj", "{3EA64F6C-6C88-44EC-ABA5-550E262847B1}"
EndProject
Global
	GlobalSection(SolutionConfigurationPlatforms) = preSolution
		Debug|Any CPU = Debug|Any CPU
		Debug|Mixed Platforms = Debug|Mixed Platforms
		Debug|x86 = Debug|x86
		Release|Any CPU = Release|Any CPU
		Release|Mixed Platforms = Release|Mixed Platforms
		Release|x86 = Release|x86
	EndGlobalSection
	GlobalSection(ProjectConfigurationPlatforms) = postSolution
		{0495E6C4-74BA-4A28-85B1-F60C79F3154E}.Debug|Any CPU.ActiveCfg = Debug|Any CPU
		{0495E6C4-74BA-4A28-85B1-F60C79F3154E}.Debug|Any CPU.Build.0 = Debug|Any CPU
		{0495E6C4-74BA-4A28-85B1-F60C79F3154E}.Debug|Mixed Platforms.ActiveCfg = Debug|Any CPU
		{0495E6C4-74BA-4A28-85B1-F60C79F3154E}.Debug|Mixed Platforms.Build.0 = Debug|Any CPU
		{0495E6C4-74BA-4A28-85B1-F60C79F3154E}.Debug|x86.ActiveCfg = Debug|Any CPU
		{0495E6C4-74BA-4A28-85B1-F60C79F3154E}.Release|Any CPU.ActiveCfg = Release|Any CPU
		{0495E6C4-74BA-4A28-85B1-F60C79F3154E}.Release|Any CPU.Build.0 = Release|Any CPU
		{0495E6C4-74BA-4A28-85B1-F60C79F3154E}.Release|Mixed Platforms.ActiveCfg = Release|Any CPU
		{0495E6C4-74BA-4A28-85B1-F60C79F3154E}.Release|Mixed Platforms.Build.0 = Release|Any CPU
		{0495E6C4-74BA-4A28-85B1-F60C79F3154E}.Release|x86.ActiveCfg = Release|Any CPU
		{C5EB21DD-D0B3-42DF-8891-A51CAFD16042}.Debug|Any CPU.ActiveCfg = Debug|Any CPU
		{C5EB21DD-D0B3-42DF-8891-A51CAFD16042}.Debug|Any CPU.Build.0 = Debug|Any CPU
		{C5EB21DD-D0B3-42DF-8891-A51CAFD16042}.Debug|Mixed Platforms.ActiveCfg = Debug|Any CPU
		{C5EB21DD-D0B3-42DF-8891-A51CAFD16042}.Debug|Mixed Platforms.Build.0 = Debug|Any CPU
		{C5EB21DD-D0B3-42DF-8891-A51CAFD16042}.Debug|x86.ActiveCfg = Debug|Any CPU
		{C5EB21DD-D0B3-42DF-8891-A51CAFD16042}.Release|Any CPU.ActiveCfg = Release|Any CPU
		{C5EB21DD-D0B3-42DF-8891-A51CAFD16042}.Release|Any CPU.Build.0 = Release|Any CPU
		{C5EB21DD-D0B3-42DF-8891-A51CAFD16042}.Release|Mixed Platforms.ActiveCfg = Release|Any CPU
		{C5EB21DD-D0B3-42DF-8891-A51CAFD16042}.Release|Mixed Platforms.Build.0 = Release|Any CPU
		{C5EB21DD-D0B3-42DF-8891-A51CAFD16042}.Release|x86.ActiveCfg = Release|Any CPU
		{7683BD32-C58A-4748-9081-42827755FA09}.Debug|Any CPU.ActiveCfg = Debug|Any CPU
		{7683BD32-C58A-4748-9081-42827755FA09}.Debug|Any CPU.Build.0 = Debug|Any CPU
		{7683BD32-C58A-4748-9081-42827755FA09}.Debug|Mixed Platforms.ActiveCfg = Debug|Any CPU
		{7683BD32-C58A-4748-9081-42827755FA09}.Debug|Mixed Platforms.Build.0 = Debug|Any CPU
		{7683BD32-C58A-4748-9081-42827755FA09}.Debug|x86.ActiveCfg = Debug|Any CPU
		{7683BD32-C58A-4748-9081-42827755FA09}.Release|Any CPU.ActiveCfg = Release|Any CPU
		{7683BD32-C58A-4748-9081-42827755FA09}.Release|Any CPU.Build.0 = Release|Any CPU
		{7683BD32-C58A-4748-9081-42827755FA09}.Release|Mixed Platforms.ActiveCfg = Release|Any CPU
		{7683BD32-C58A-4748-9081-42827755FA09}.Release|Mixed Platforms.Build.0 = Release|Any CPU
		{7683BD32-C58A-4748-9081-42827755FA09}.Release|x86.ActiveCfg = Release|Any CPU
		{82BF3309-DF15-4421-99EB-D27EDAEB7464}.Debug|Any CPU.ActiveCfg = Debug|Any CPU
		{82BF3309-DF15-4421-99EB-D27EDAEB7464}.Debug|Any CPU.Build.0 = Debug|Any CPU
		{82BF3309-DF15-4421-99EB-D27EDAEB7464}.Debug|Mixed Platforms.ActiveCfg = Debug|Any CPU
		{82BF3309-DF15-4421-99EB-D27EDAEB7464}.Debug|Mixed Platforms.Build.0 = Debug|Any CPU
		{82BF3309-DF15-4421-99EB-D27EDAEB7464}.Debug|x86.ActiveCfg = Debug|Any CPU
		{82BF3309-DF15-4421-99EB-D27EDAEB7464}.Release|Any CPU.ActiveCfg = Release|Any CPU
		{82BF3309-DF15-4421-99EB-D27EDAEB7464}.Release|Any CPU.Build.0 = Release|Any CPU
		{82BF3309-DF15-4421-99EB-D27EDAEB7464}.Release|Mixed Platforms.ActiveCfg = Release|Any CPU
		{82BF3309-DF15-4421-99EB-D27EDAEB7464}.Release|Mixed Platforms.Build.0 = Release|Any CPU
		{82BF3309-DF15-4421-99EB-D27EDAEB7464}.Release|x86.ActiveCfg = Release|Any CPU
		{25AE45B2-802B-415A-8A5C-04557FA69CAC}.Debug|Any CPU.ActiveCfg = Debug|Any CPU
		{25AE45B2-802B-415A-8A5C-04557FA69CAC}.Debug|Any CPU.Build.0 = Debug|Any CPU
		{25AE45B2-802B-415A-8A5C-04557FA69CAC}.Debug|Mixed Platforms.ActiveCfg = Debug|Any CPU
		{25AE45B2-802B-415A-8A5C-04557FA69CAC}.Debug|Mixed Platforms.Build.0 = Debug|Any CPU
		{25AE45B2-802B-415A-8A5C-04557FA69CAC}.Debug|x86.ActiveCfg = Debug|Any CPU
		{25AE45B2-802B-415A-8A5C-04557FA69CAC}.Release|Any CPU.ActiveCfg = Release|Any CPU
		{25AE45B2-802B-415A-8A5C-04557FA69CAC}.Release|Any CPU.Build.0 = Release|Any CPU
		{25AE45B2-802B-415A-8A5C-04557FA69CAC}.Release|Mixed Platforms.ActiveCfg = Release|Any CPU
		{25AE45B2-802B-415A-8A5C-04557FA69CAC}.Release|Mixed Platforms.Build.0 = Release|Any CPU
		{25AE45B2-802B-415A-8A5C-04557FA69CAC}.Release|x86.ActiveCfg = Release|Any CPU
		{804DE9E4-C203-4C75-A599-84F3C5CA60A6}.Debug|Any CPU.ActiveCfg = Debug|Any CPU
		{804DE9E4-C203-4C75-A599-84F3C5CA60A6}.Debug|Any CPU.Build.0 = Debug|Any CPU
		{804DE9E4-C203-4C75-A599-84F3C5CA60A6}.Debug|Mixed Platforms.ActiveCfg = Debug|Any CPU
		{804DE9E4-C203-4C75-A599-84F3C5CA60A6}.Debug|Mixed Platforms.Build.0 = Debug|Any CPU
		{804DE9E4-C203-4C75-A599-84F3C5CA60A6}.Debug|x86.ActiveCfg = Debug|Any CPU
		{804DE9E4-C203-4C75-A599-84F3C5CA60A6}.Release|Any CPU.ActiveCfg = Release|Any CPU
		{804DE9E4-C203-4C75-A599-84F3C5CA60A6}.Release|Any CPU.Build.0 = Release|Any CPU
		{804DE9E4-C203-4C75-A599-84F3C5CA60A6}.Release|Mixed Platforms.ActiveCfg = Release|Any CPU
		{804DE9E4-C203-4C75-A599-84F3C5CA60A6}.Release|Mixed Platforms.Build.0 = Release|Any CPU
		{804DE9E4-C203-4C75-A599-84F3C5CA60A6}.Release|x86.ActiveCfg = Release|Any CPU
		{A9A04BF2-BCE8-40F7-9595-72CF2CE9E512}.Debug|Any CPU.ActiveCfg = Debug|Any CPU
		{A9A04BF2-BCE8-40F7-9595-72CF2CE9E512}.Debug|Any CPU.Build.0 = Debug|Any CPU
		{A9A04BF2-BCE8-40F7-9595-72CF2CE9E512}.Debug|Mixed Platforms.ActiveCfg = Debug|Any CPU
		{A9A04BF2-BCE8-40F7-9595-72CF2CE9E512}.Debug|Mixed Platforms.Build.0 = Debug|Any CPU
		{A9A04BF2-BCE8-40F7-9595-72CF2CE9E512}.Debug|x86.ActiveCfg = Debug|Any CPU
		{A9A04BF2-BCE8-40F7-9595-72CF2CE9E512}.Release|Any CPU.ActiveCfg = Release|Any CPU
		{A9A04BF2-BCE8-40F7-9595-72CF2CE9E512}.Release|Any CPU.Build.0 = Release|Any CPU
		{A9A04BF2-BCE8-40F7-9595-72CF2CE9E512}.Release|Mixed Platforms.ActiveCfg = Release|Any CPU
		{A9A04BF2-BCE8-40F7-9595-72CF2CE9E512}.Release|Mixed Platforms.Build.0 = Release|Any CPU
		{A9A04BF2-BCE8-40F7-9595-72CF2CE9E512}.Release|x86.ActiveCfg = Release|Any CPU
		{52C4B2A4-51A8-44A6-B1ED-0AFFF77DF645}.Debug|Any CPU.ActiveCfg = Debug|Any CPU
		{52C4B2A4-51A8-44A6-B1ED-0AFFF77DF645}.Debug|Any CPU.Build.0 = Debug|Any CPU
		{52C4B2A4-51A8-44A6-B1ED-0AFFF77DF645}.Debug|Mixed Platforms.ActiveCfg = Debug|Any CPU
		{52C4B2A4-51A8-44A6-B1ED-0AFFF77DF645}.Debug|Mixed Platforms.Build.0 = Debug|Any CPU
		{52C4B2A4-51A8-44A6-B1ED-0AFFF77DF645}.Debug|x86.ActiveCfg = Debug|Any CPU
		{52C4B2A4-51A8-44A6-B1ED-0AFFF77DF645}.Release|Any CPU.ActiveCfg = Release|Any CPU
		{52C4B2A4-51A8-44A6-B1ED-0AFFF77DF645}.Release|Any CPU.Build.0 = Release|Any CPU
		{52C4B2A4-51A8-44A6-B1ED-0AFFF77DF645}.Release|Mixed Platforms.ActiveCfg = Release|Any CPU
		{52C4B2A4-51A8-44A6-B1ED-0AFFF77DF645}.Release|Mixed Platforms.Build.0 = Release|Any CPU
		{52C4B2A4-51A8-44A6-B1ED-0AFFF77DF645}.Release|x86.ActiveCfg = Release|Any CPU
		{878049E4-B095-41AC-869F-0C8A97B41D0F}.Debug|Any CPU.ActiveCfg = Debug|Any CPU
		{878049E4-B095-41AC-869F-0C8A97B41D0F}.Debug|Any CPU.Build.0 = Debug|Any CPU
		{878049E4-B095-41AC-869F-0C8A97B41D0F}.Debug|Mixed Platforms.ActiveCfg = Debug|Any CPU
		{878049E4-B095-41AC-869F-0C8A97B41D0F}.Debug|Mixed Platforms.Build.0 = Debug|Any CPU
		{878049E4-B095-41AC-869F-0C8A97B41D0F}.Debug|x86.ActiveCfg = Debug|Any CPU
		{878049E4-B095-41AC-869F-0C8A97B41D0F}.Release|Any CPU.ActiveCfg = Release|Any CPU
		{878049E4-B095-41AC-869F-0C8A97B41D0F}.Release|Any CPU.Build.0 = Release|Any CPU
		{878049E4-B095-41AC-869F-0C8A97B41D0F}.Release|Mixed Platforms.ActiveCfg = Release|Any CPU
		{878049E4-B095-41AC-869F-0C8A97B41D0F}.Release|Mixed Platforms.Build.0 = Release|Any CPU
		{878049E4-B095-41AC-869F-0C8A97B41D0F}.Release|x86.ActiveCfg = Release|Any CPU
		{BA8BCD1E-2E63-4A6D-B7B9-A590219A2723}.Debug|Any CPU.ActiveCfg = Debug|Any CPU
		{BA8BCD1E-2E63-4A6D-B7B9-A590219A2723}.Debug|Any CPU.Build.0 = Debug|Any CPU
		{BA8BCD1E-2E63-4A6D-B7B9-A590219A2723}.Debug|Mixed Platforms.ActiveCfg = Debug|Any CPU
		{BA8BCD1E-2E63-4A6D-B7B9-A590219A2723}.Debug|Mixed Platforms.Build.0 = Debug|Any CPU
		{BA8BCD1E-2E63-4A6D-B7B9-A590219A2723}.Debug|x86.ActiveCfg = Debug|Any CPU
		{BA8BCD1E-2E63-4A6D-B7B9-A590219A2723}.Release|Any CPU.ActiveCfg = Release|Any CPU
		{BA8BCD1E-2E63-4A6D-B7B9-A590219A2723}.Release|Any CPU.Build.0 = Release|Any CPU
		{BA8BCD1E-2E63-4A6D-B7B9-A590219A2723}.Release|Mixed Platforms.ActiveCfg = Release|Any CPU
		{BA8BCD1E-2E63-4A6D-B7B9-A590219A2723}.Release|Mixed Platforms.Build.0 = Release|Any CPU
		{BA8BCD1E-2E63-4A6D-B7B9-A590219A2723}.Release|x86.ActiveCfg = Release|Any CPU
		{1F292FF3-9D62-40CD-A69B-A4F024D45F72}.Debug|Any CPU.ActiveCfg = Debug|Any CPU
		{1F292FF3-9D62-40CD-A69B-A4F024D45F72}.Debug|Any CPU.Build.0 = Debug|Any CPU
		{1F292FF3-9D62-40CD-A69B-A4F024D45F72}.Debug|Mixed Platforms.ActiveCfg = Debug|Any CPU
		{1F292FF3-9D62-40CD-A69B-A4F024D45F72}.Debug|Mixed Platforms.Build.0 = Debug|Any CPU
		{1F292FF3-9D62-40CD-A69B-A4F024D45F72}.Debug|x86.ActiveCfg = Debug|Any CPU
		{1F292FF3-9D62-40CD-A69B-A4F024D45F72}.Release|Any CPU.ActiveCfg = Release|Any CPU
		{1F292FF3-9D62-40CD-A69B-A4F024D45F72}.Release|Any CPU.Build.0 = Release|Any CPU
		{1F292FF3-9D62-40CD-A69B-A4F024D45F72}.Release|Mixed Platforms.ActiveCfg = Release|Any CPU
		{1F292FF3-9D62-40CD-A69B-A4F024D45F72}.Release|Mixed Platforms.Build.0 = Release|Any CPU
		{1F292FF3-9D62-40CD-A69B-A4F024D45F72}.Release|x86.ActiveCfg = Release|Any CPU
		{FD3CA31F-EBDE-4493-A472-637C6963E7D0}.Debug|Any CPU.ActiveCfg = Debug|Any CPU
		{FD3CA31F-EBDE-4493-A472-637C6963E7D0}.Debug|Any CPU.Build.0 = Debug|Any CPU
		{FD3CA31F-EBDE-4493-A472-637C6963E7D0}.Debug|Mixed Platforms.ActiveCfg = Debug|Any CPU
		{FD3CA31F-EBDE-4493-A472-637C6963E7D0}.Debug|Mixed Platforms.Build.0 = Debug|Any CPU
		{FD3CA31F-EBDE-4493-A472-637C6963E7D0}.Debug|x86.ActiveCfg = Debug|Any CPU
		{FD3CA31F-EBDE-4493-A472-637C6963E7D0}.Release|Any CPU.ActiveCfg = Release|Any CPU
		{FD3CA31F-EBDE-4493-A472-637C6963E7D0}.Release|Any CPU.Build.0 = Release|Any CPU
		{FD3CA31F-EBDE-4493-A472-637C6963E7D0}.Release|Mixed Platforms.ActiveCfg = Release|Any CPU
		{FD3CA31F-EBDE-4493-A472-637C6963E7D0}.Release|Mixed Platforms.Build.0 = Release|Any CPU
		{FD3CA31F-EBDE-4493-A472-637C6963E7D0}.Release|x86.ActiveCfg = Release|Any CPU
		{D7800E50-E0A2-4FD3-8EA1-D3618F886E07}.Debug|Any CPU.ActiveCfg = Debug|Any CPU
		{D7800E50-E0A2-4FD3-8EA1-D3618F886E07}.Debug|Any CPU.Build.0 = Debug|Any CPU
		{D7800E50-E0A2-4FD3-8EA1-D3618F886E07}.Debug|Mixed Platforms.ActiveCfg = Debug|Any CPU
		{D7800E50-E0A2-4FD3-8EA1-D3618F886E07}.Debug|Mixed Platforms.Build.0 = Debug|Any CPU
		{D7800E50-E0A2-4FD3-8EA1-D3618F886E07}.Debug|x86.ActiveCfg = Debug|Any CPU
		{D7800E50-E0A2-4FD3-8EA1-D3618F886E07}.Release|Any CPU.ActiveCfg = Release|Any CPU
		{D7800E50-E0A2-4FD3-8EA1-D3618F886E07}.Release|Any CPU.Build.0 = Release|Any CPU
		{D7800E50-E0A2-4FD3-8EA1-D3618F886E07}.Release|Mixed Platforms.ActiveCfg = Release|Any CPU
		{D7800E50-E0A2-4FD3-8EA1-D3618F886E07}.Release|Mixed Platforms.Build.0 = Release|Any CPU
		{D7800E50-E0A2-4FD3-8EA1-D3618F886E07}.Release|x86.ActiveCfg = Release|Any CPU
		{410C51CD-FACE-4342-B14E-FE96BD75D5A6}.Debug|Any CPU.ActiveCfg = Debug|Any CPU
		{410C51CD-FACE-4342-B14E-FE96BD75D5A6}.Debug|Any CPU.Build.0 = Debug|Any CPU
		{410C51CD-FACE-4342-B14E-FE96BD75D5A6}.Debug|Mixed Platforms.ActiveCfg = Debug|Any CPU
		{410C51CD-FACE-4342-B14E-FE96BD75D5A6}.Debug|Mixed Platforms.Build.0 = Debug|Any CPU
		{410C51CD-FACE-4342-B14E-FE96BD75D5A6}.Debug|x86.ActiveCfg = Debug|Any CPU
		{410C51CD-FACE-4342-B14E-FE96BD75D5A6}.Release|Any CPU.ActiveCfg = Release|Any CPU
		{410C51CD-FACE-4342-B14E-FE96BD75D5A6}.Release|Any CPU.Build.0 = Release|Any CPU
		{410C51CD-FACE-4342-B14E-FE96BD75D5A6}.Release|Mixed Platforms.ActiveCfg = Release|Any CPU
		{410C51CD-FACE-4342-B14E-FE96BD75D5A6}.Release|Mixed Platforms.Build.0 = Release|Any CPU
		{410C51CD-FACE-4342-B14E-FE96BD75D5A6}.Release|x86.ActiveCfg = Release|Any CPU
		{6C9F7B2E-2AE2-4610-A950-B008DA0477C7}.Debug|Any CPU.ActiveCfg = Debug|Any CPU
		{6C9F7B2E-2AE2-4610-A950-B008DA0477C7}.Debug|Any CPU.Build.0 = Debug|Any CPU
		{6C9F7B2E-2AE2-4610-A950-B008DA0477C7}.Debug|Mixed Platforms.ActiveCfg = Debug|Any CPU
		{6C9F7B2E-2AE2-4610-A950-B008DA0477C7}.Debug|Mixed Platforms.Build.0 = Debug|Any CPU
		{6C9F7B2E-2AE2-4610-A950-B008DA0477C7}.Debug|x86.ActiveCfg = Debug|Any CPU
		{6C9F7B2E-2AE2-4610-A950-B008DA0477C7}.Release|Any CPU.ActiveCfg = Release|Any CPU
		{6C9F7B2E-2AE2-4610-A950-B008DA0477C7}.Release|Any CPU.Build.0 = Release|Any CPU
		{6C9F7B2E-2AE2-4610-A950-B008DA0477C7}.Release|Mixed Platforms.ActiveCfg = Release|Any CPU
		{6C9F7B2E-2AE2-4610-A950-B008DA0477C7}.Release|Mixed Platforms.Build.0 = Release|Any CPU
		{6C9F7B2E-2AE2-4610-A950-B008DA0477C7}.Release|x86.ActiveCfg = Release|Any CPU
		{9ECEAF25-A205-4F45-A996-A7F9774681A7}.Debug|Any CPU.ActiveCfg = Debug|Any CPU
		{9ECEAF25-A205-4F45-A996-A7F9774681A7}.Debug|Any CPU.Build.0 = Debug|Any CPU
		{9ECEAF25-A205-4F45-A996-A7F9774681A7}.Debug|Mixed Platforms.ActiveCfg = Debug|Any CPU
		{9ECEAF25-A205-4F45-A996-A7F9774681A7}.Debug|Mixed Platforms.Build.0 = Debug|Any CPU
		{9ECEAF25-A205-4F45-A996-A7F9774681A7}.Debug|x86.ActiveCfg = Debug|Any CPU
		{9ECEAF25-A205-4F45-A996-A7F9774681A7}.Release|Any CPU.ActiveCfg = Release|Any CPU
		{9ECEAF25-A205-4F45-A996-A7F9774681A7}.Release|Any CPU.Build.0 = Release|Any CPU
		{9ECEAF25-A205-4F45-A996-A7F9774681A7}.Release|Mixed Platforms.ActiveCfg = Release|Any CPU
		{9ECEAF25-A205-4F45-A996-A7F9774681A7}.Release|Mixed Platforms.Build.0 = Release|Any CPU
		{9ECEAF25-A205-4F45-A996-A7F9774681A7}.Release|x86.ActiveCfg = Release|Any CPU
		{A01254A3-7C33-449C-8344-4694BF211CD7}.Debug|Any CPU.ActiveCfg = Debug|Any CPU
		{A01254A3-7C33-449C-8344-4694BF211CD7}.Debug|Any CPU.Build.0 = Debug|Any CPU
		{A01254A3-7C33-449C-8344-4694BF211CD7}.Debug|Mixed Platforms.ActiveCfg = Debug|Any CPU
		{A01254A3-7C33-449C-8344-4694BF211CD7}.Debug|Mixed Platforms.Build.0 = Debug|Any CPU
		{A01254A3-7C33-449C-8344-4694BF211CD7}.Debug|x86.ActiveCfg = Debug|Any CPU
		{A01254A3-7C33-449C-8344-4694BF211CD7}.Release|Any CPU.ActiveCfg = Release|Any CPU
		{A01254A3-7C33-449C-8344-4694BF211CD7}.Release|Any CPU.Build.0 = Release|Any CPU
		{A01254A3-7C33-449C-8344-4694BF211CD7}.Release|Mixed Platforms.ActiveCfg = Release|Any CPU
		{A01254A3-7C33-449C-8344-4694BF211CD7}.Release|Mixed Platforms.Build.0 = Release|Any CPU
		{A01254A3-7C33-449C-8344-4694BF211CD7}.Release|x86.ActiveCfg = Release|Any CPU
		{81DDB72A-7CAA-4A45-B6C1-6794CA005FB3}.Debug|Any CPU.ActiveCfg = Debug|Any CPU
		{81DDB72A-7CAA-4A45-B6C1-6794CA005FB3}.Debug|Any CPU.Build.0 = Debug|Any CPU
		{81DDB72A-7CAA-4A45-B6C1-6794CA005FB3}.Debug|Mixed Platforms.ActiveCfg = Debug|Any CPU
		{81DDB72A-7CAA-4A45-B6C1-6794CA005FB3}.Debug|Mixed Platforms.Build.0 = Debug|Any CPU
		{81DDB72A-7CAA-4A45-B6C1-6794CA005FB3}.Debug|x86.ActiveCfg = Debug|Any CPU
		{81DDB72A-7CAA-4A45-B6C1-6794CA005FB3}.Release|Any CPU.ActiveCfg = Release|Any CPU
		{81DDB72A-7CAA-4A45-B6C1-6794CA005FB3}.Release|Any CPU.Build.0 = Release|Any CPU
		{81DDB72A-7CAA-4A45-B6C1-6794CA005FB3}.Release|Mixed Platforms.ActiveCfg = Release|Any CPU
		{81DDB72A-7CAA-4A45-B6C1-6794CA005FB3}.Release|Mixed Platforms.Build.0 = Release|Any CPU
		{81DDB72A-7CAA-4A45-B6C1-6794CA005FB3}.Release|x86.ActiveCfg = Release|Any CPU
		{95E4DC4D-C9FD-4E6D-AE33-2E28E13641D5}.Debug|Any CPU.ActiveCfg = Debug|Any CPU
		{95E4DC4D-C9FD-4E6D-AE33-2E28E13641D5}.Debug|Any CPU.Build.0 = Debug|Any CPU
		{95E4DC4D-C9FD-4E6D-AE33-2E28E13641D5}.Debug|Mixed Platforms.ActiveCfg = Debug|Any CPU
		{95E4DC4D-C9FD-4E6D-AE33-2E28E13641D5}.Debug|Mixed Platforms.Build.0 = Debug|Any CPU
		{95E4DC4D-C9FD-4E6D-AE33-2E28E13641D5}.Debug|x86.ActiveCfg = Debug|Any CPU
		{95E4DC4D-C9FD-4E6D-AE33-2E28E13641D5}.Release|Any CPU.ActiveCfg = Release|Any CPU
		{95E4DC4D-C9FD-4E6D-AE33-2E28E13641D5}.Release|Any CPU.Build.0 = Release|Any CPU
		{95E4DC4D-C9FD-4E6D-AE33-2E28E13641D5}.Release|Mixed Platforms.ActiveCfg = Release|Any CPU
		{95E4DC4D-C9FD-4E6D-AE33-2E28E13641D5}.Release|Mixed Platforms.Build.0 = Release|Any CPU
		{95E4DC4D-C9FD-4E6D-AE33-2E28E13641D5}.Release|x86.ActiveCfg = Release|Any CPU
		{7AE83690-1D12-468E-9C45-3C265A130FAB}.Debug|Any CPU.ActiveCfg = Debug|Any CPU
		{7AE83690-1D12-468E-9C45-3C265A130FAB}.Debug|Any CPU.Build.0 = Debug|Any CPU
		{7AE83690-1D12-468E-9C45-3C265A130FAB}.Debug|Mixed Platforms.ActiveCfg = Debug|Any CPU
		{7AE83690-1D12-468E-9C45-3C265A130FAB}.Debug|Mixed Platforms.Build.0 = Debug|Any CPU
		{7AE83690-1D12-468E-9C45-3C265A130FAB}.Debug|x86.ActiveCfg = Debug|Any CPU
		{7AE83690-1D12-468E-9C45-3C265A130FAB}.Release|Any CPU.ActiveCfg = Release|Any CPU
		{7AE83690-1D12-468E-9C45-3C265A130FAB}.Release|Any CPU.Build.0 = Release|Any CPU
		{7AE83690-1D12-468E-9C45-3C265A130FAB}.Release|Mixed Platforms.ActiveCfg = Release|Any CPU
		{7AE83690-1D12-468E-9C45-3C265A130FAB}.Release|Mixed Platforms.Build.0 = Release|Any CPU
		{7AE83690-1D12-468E-9C45-3C265A130FAB}.Release|x86.ActiveCfg = Release|Any CPU
		{1F320E9F-3D08-4CB6-B804-4A7F5CA30E16}.Debug|Any CPU.ActiveCfg = Debug|Any CPU
		{1F320E9F-3D08-4CB6-B804-4A7F5CA30E16}.Debug|Any CPU.Build.0 = Debug|Any CPU
		{1F320E9F-3D08-4CB6-B804-4A7F5CA30E16}.Debug|Mixed Platforms.ActiveCfg = Debug|Any CPU
		{1F320E9F-3D08-4CB6-B804-4A7F5CA30E16}.Debug|Mixed Platforms.Build.0 = Debug|Any CPU
		{1F320E9F-3D08-4CB6-B804-4A7F5CA30E16}.Debug|x86.ActiveCfg = Debug|Any CPU
		{1F320E9F-3D08-4CB6-B804-4A7F5CA30E16}.Release|Any CPU.ActiveCfg = Release|Any CPU
		{1F320E9F-3D08-4CB6-B804-4A7F5CA30E16}.Release|Any CPU.Build.0 = Release|Any CPU
		{1F320E9F-3D08-4CB6-B804-4A7F5CA30E16}.Release|Mixed Platforms.ActiveCfg = Release|Any CPU
		{1F320E9F-3D08-4CB6-B804-4A7F5CA30E16}.Release|Mixed Platforms.Build.0 = Release|Any CPU
		{1F320E9F-3D08-4CB6-B804-4A7F5CA30E16}.Release|x86.ActiveCfg = Release|Any CPU
		{9E4788A8-6193-4E8E-B60F-6A468F3491E4}.Debug|Any CPU.ActiveCfg = Debug|Any CPU
		{9E4788A8-6193-4E8E-B60F-6A468F3491E4}.Debug|Any CPU.Build.0 = Debug|Any CPU
		{9E4788A8-6193-4E8E-B60F-6A468F3491E4}.Debug|Mixed Platforms.ActiveCfg = Debug|Any CPU
		{9E4788A8-6193-4E8E-B60F-6A468F3491E4}.Debug|Mixed Platforms.Build.0 = Debug|Any CPU
		{9E4788A8-6193-4E8E-B60F-6A468F3491E4}.Debug|x86.ActiveCfg = Debug|Any CPU
		{9E4788A8-6193-4E8E-B60F-6A468F3491E4}.Release|Any CPU.ActiveCfg = Release|Any CPU
		{9E4788A8-6193-4E8E-B60F-6A468F3491E4}.Release|Any CPU.Build.0 = Release|Any CPU
		{9E4788A8-6193-4E8E-B60F-6A468F3491E4}.Release|Mixed Platforms.ActiveCfg = Release|Any CPU
		{9E4788A8-6193-4E8E-B60F-6A468F3491E4}.Release|Mixed Platforms.Build.0 = Release|Any CPU
		{9E4788A8-6193-4E8E-B60F-6A468F3491E4}.Release|x86.ActiveCfg = Release|Any CPU
		{3806D6D2-0446-4A8A-B3FC-AA246E67EDED}.Debug|Any CPU.ActiveCfg = Debug|Any CPU
		{3806D6D2-0446-4A8A-B3FC-AA246E67EDED}.Debug|Any CPU.Build.0 = Debug|Any CPU
		{3806D6D2-0446-4A8A-B3FC-AA246E67EDED}.Debug|Mixed Platforms.ActiveCfg = Debug|Any CPU
		{3806D6D2-0446-4A8A-B3FC-AA246E67EDED}.Debug|Mixed Platforms.Build.0 = Debug|Any CPU
		{3806D6D2-0446-4A8A-B3FC-AA246E67EDED}.Debug|x86.ActiveCfg = Debug|Any CPU
		{3806D6D2-0446-4A8A-B3FC-AA246E67EDED}.Release|Any CPU.ActiveCfg = Release|Any CPU
		{3806D6D2-0446-4A8A-B3FC-AA246E67EDED}.Release|Any CPU.Build.0 = Release|Any CPU
		{3806D6D2-0446-4A8A-B3FC-AA246E67EDED}.Release|Mixed Platforms.ActiveCfg = Release|Any CPU
		{3806D6D2-0446-4A8A-B3FC-AA246E67EDED}.Release|Mixed Platforms.Build.0 = Release|Any CPU
		{3806D6D2-0446-4A8A-B3FC-AA246E67EDED}.Release|x86.ActiveCfg = Release|Any CPU
		{DEE6C611-00A9-450A-994A-BFBEBF596070}.Debug|Any CPU.ActiveCfg = Debug|Any CPU
		{DEE6C611-00A9-450A-994A-BFBEBF596070}.Debug|Any CPU.Build.0 = Debug|Any CPU
		{DEE6C611-00A9-450A-994A-BFBEBF596070}.Debug|Mixed Platforms.ActiveCfg = Debug|Any CPU
		{DEE6C611-00A9-450A-994A-BFBEBF596070}.Debug|Mixed Platforms.Build.0 = Debug|Any CPU
		{DEE6C611-00A9-450A-994A-BFBEBF596070}.Debug|x86.ActiveCfg = Debug|Any CPU
		{DEE6C611-00A9-450A-994A-BFBEBF596070}.Release|Any CPU.ActiveCfg = Release|Any CPU
		{DEE6C611-00A9-450A-994A-BFBEBF596070}.Release|Any CPU.Build.0 = Release|Any CPU
		{DEE6C611-00A9-450A-994A-BFBEBF596070}.Release|Mixed Platforms.ActiveCfg = Release|Any CPU
		{DEE6C611-00A9-450A-994A-BFBEBF596070}.Release|Mixed Platforms.Build.0 = Release|Any CPU
		{DEE6C611-00A9-450A-994A-BFBEBF596070}.Release|x86.ActiveCfg = Release|Any CPU
		{3EA64F6C-6C88-44EC-ABA5-550E262847B1}.Debug|Any CPU.ActiveCfg = Debug|Any CPU
		{3EA64F6C-6C88-44EC-ABA5-550E262847B1}.Debug|Any CPU.Build.0 = Debug|Any CPU
		{3EA64F6C-6C88-44EC-ABA5-550E262847B1}.Debug|Mixed Platforms.ActiveCfg = Debug|Any CPU
		{3EA64F6C-6C88-44EC-ABA5-550E262847B1}.Debug|Mixed Platforms.Build.0 = Debug|Any CPU
		{3EA64F6C-6C88-44EC-ABA5-550E262847B1}.Debug|x86.ActiveCfg = Debug|Any CPU
		{3EA64F6C-6C88-44EC-ABA5-550E262847B1}.Release|Any CPU.ActiveCfg = Release|Any CPU
		{3EA64F6C-6C88-44EC-ABA5-550E262847B1}.Release|Any CPU.Build.0 = Release|Any CPU
		{3EA64F6C-6C88-44EC-ABA5-550E262847B1}.Release|Mixed Platforms.ActiveCfg = Release|Any CPU
		{3EA64F6C-6C88-44EC-ABA5-550E262847B1}.Release|Mixed Platforms.Build.0 = Release|Any CPU
		{3EA64F6C-6C88-44EC-ABA5-550E262847B1}.Release|x86.ActiveCfg = Release|Any CPU
	EndGlobalSection
	GlobalSection(SolutionProperties) = preSolution
		HideSolutionNode = FALSE
	EndGlobalSection
	GlobalSection(NestedProjects) = preSolution
		{7683BD32-C58A-4748-9081-42827755FA09} = {D0492A6A-2B0F-4484-AB12-DDB912DEC5DD}
		{82BF3309-DF15-4421-99EB-D27EDAEB7464} = {D0492A6A-2B0F-4484-AB12-DDB912DEC5DD}
		{25AE45B2-802B-415A-8A5C-04557FA69CAC} = {D0492A6A-2B0F-4484-AB12-DDB912DEC5DD}
		{804DE9E4-C203-4C75-A599-84F3C5CA60A6} = {D0492A6A-2B0F-4484-AB12-DDB912DEC5DD}
		{A9A04BF2-BCE8-40F7-9595-72CF2CE9E512} = {D0492A6A-2B0F-4484-AB12-DDB912DEC5DD}
		{52C4B2A4-51A8-44A6-B1ED-0AFFF77DF645} = {D0492A6A-2B0F-4484-AB12-DDB912DEC5DD}
		{878049E4-B095-41AC-869F-0C8A97B41D0F} = {D0492A6A-2B0F-4484-AB12-DDB912DEC5DD}
		{BA8BCD1E-2E63-4A6D-B7B9-A590219A2723} = {D0492A6A-2B0F-4484-AB12-DDB912DEC5DD}
		{1F292FF3-9D62-40CD-A69B-A4F024D45F72} = {D0492A6A-2B0F-4484-AB12-DDB912DEC5DD}
		{C5EB21DD-D0B3-42DF-8891-A51CAFD16042} = {D0492A6A-2B0F-4484-AB12-DDB912DEC5DD}
		{D7800E50-E0A2-4FD3-8EA1-D3618F886E07} = {1C588977-D7CD-4C5D-87A8-0042945E63C0}
		{FD3CA31F-EBDE-4493-A472-637C6963E7D0} = {1C588977-D7CD-4C5D-87A8-0042945E63C0}
		{410C51CD-FACE-4342-B14E-FE96BD75D5A6} = {1C588977-D7CD-4C5D-87A8-0042945E63C0}
		{6C9F7B2E-2AE2-4610-A950-B008DA0477C7} = {1C588977-D7CD-4C5D-87A8-0042945E63C0}
		{7AE83690-1D12-468E-9C45-3C265A130FAB} = {1C588977-D7CD-4C5D-87A8-0042945E63C0}
		{9E4788A8-6193-4E8E-B60F-6A468F3491E4} = {1C588977-D7CD-4C5D-87A8-0042945E63C0}
		{3806D6D2-0446-4A8A-B3FC-AA246E67EDED} = {1C588977-D7CD-4C5D-87A8-0042945E63C0}
		{3EA64F6C-6C88-44EC-ABA5-550E262847B1} = {1C588977-D7CD-4C5D-87A8-0042945E63C0}
		{A01254A3-7C33-449C-8344-4694BF211CD7} = {5F28B9D4-DF3C-4147-8ADD-3E319BBAD930}
		{81DDB72A-7CAA-4A45-B6C1-6794CA005FB3} = {5F28B9D4-DF3C-4147-8ADD-3E319BBAD930}
		{95E4DC4D-C9FD-4E6D-AE33-2E28E13641D5} = {5F28B9D4-DF3C-4147-8ADD-3E319BBAD930}
		{9ECEAF25-A205-4F45-A996-A7F9774681A7} = {5F28B9D4-DF3C-4147-8ADD-3E319BBAD930}
		{1F320E9F-3D08-4CB6-B804-4A7F5CA30E16} = {5F28B9D4-DF3C-4147-8ADD-3E319BBAD930}
		{DEE6C611-00A9-450A-994A-BFBEBF596070} = {5F28B9D4-DF3C-4147-8ADD-3E319BBAD930}
	EndGlobalSection
	GlobalSection(SubversionScc) = preSolution
		Svn-Managed = True
		Manager = AnkhSVN - Subversion Support for Visual Studio
	EndGlobalSection
EndGlobal
